# THIS IS AN AUTOGENERATED FILE. DO NOT EDIT THIS FILE DIRECTLY.
# yarn lockfile v1


faker@^6.6.6:
  version "6.6.6"
  resolved "https://registry.yarnpkg.com/faker/-/faker-6.6.6.tgz#e9529da0109dca4c7c5dbfeaadbd9234af943033"
  integrity sha512-9tCqYEDHI5RYFQigXFwF1hnCwcWCOJl/hmll0lr5D2Ljjb0o4wphb69wikeJDz5qCEzXCoPvG6ss5SDP6IfOdg==
